
Microsoft Visual Studio Solution File, Format Version 12.00
# Visual Studio 14
VisualStudioVersion = 14.0.24720.0
MinimumVisualStudioVersion = 10.0.40219.1
Project("{FAE04EC0-301F-11D3-BF4B-00C04F79EFBC}") = "HoGentLend", "HoGentLend\HoGentLend.csproj", "{A78DC7EA-DC38-4FC9-9290-41B464D46DA8}"
EndProject
Project("{FAE04EC0-301F-11D3-BF4B-00C04F79EFBC}") = "HoGentLendTests", "HoGentLendTests\HoGentLendTests.csproj", "{68D0FAA4-7597-4155-84D1-6CA6BA395219}"
EndProject
Global
	GlobalSection(SolutionConfigurationPlatforms) = preSolution
		Debug|Any CPU = Debug|Any CPU
		Release|Any CPU = Release|Any CPU
	EndGlobalSection
	GlobalSection(ProjectConfigurationPlatforms) = postSolution
		{A78DC7EA-DC38-4FC9-9290-41B464D46DA8}.Debug|Any CPU.ActiveCfg = Debug|Any CPU
		{A78DC7EA-DC38-4FC9-9290-41B464D46DA8}.Debug|Any CPU.Build.0 = Debug|Any CPU
		{A78DC7EA-DC38-4FC9-9290-41B464D46DA8}.Release|Any CPU.ActiveCfg = Release|Any CPU
		{A78DC7EA-DC38-4FC9-9290-41B464D46DA8}.Release|Any CPU.Build.0 = Release|Any CPU
		{68D0FAA4-7597-4155-84D1-6CA6BA395219}.Debug|Any CPU.ActiveCfg = Debug|Any CPU
		{68D0FAA4-7597-4155-84D1-6CA6BA395219}.Debug|Any CPU.Build.0 = Debug|Any CPU
		{68D0FAA4-7597-4155-84D1-6CA6BA395219}.Release|Any CPU.ActiveCfg = Release|Any CPU
		{68D0FAA4-7597-4155-84D1-6CA6BA395219}.Release|Any CPU.Build.0 = Release|Any CPU
	EndGlobalSection
	GlobalSection(SolutionProperties) = preSolution
		HideSolutionNode = FALSE
	EndGlobalSection
EndGlobal
